
Microsoft Visual Studio Solution File, Format Version 12.00
# Visual Studio Version 16
VisualStudioVersion = 16.0.30711.63
MinimumVisualStudioVersion = 10.0.40219.1
Project("{9A19103F-16F7-4668-BE54-9A1E7A4F7556}") = "BethanysPieShopHRM.App", "BethanysPieShopHRM.App.csproj", "{3140D2AE-FCCB-49CC-B285-B1D734160B59}"
EndProject
Project("{9A19103F-16F7-4668-BE54-9A1E7A4F7556}") = "BethanysPieShopHRM.Shared", "..\BethanysPieShopHRM.Shared\BethanysPieShopHRM.Shared.csproj", "{6934ECDD-E055-48FB-8967-BBE4C57F3E64}"
EndProject
Project("{9A19103F-16F7-4668-BE54-9A1E7A4F7556}") = "BethanysPieShopHRM.Api", "..\BethanysPieShopHRM.Api\BethanysPieShopHRM.Api.csproj", "{575AF35F-451F-44CB-8677-05C5D0C22073}"
EndProject
Global
	GlobalSection(SolutionConfigurationPlatforms) = preSolution
		Debug|Any CPU = Debug|Any CPU
		Release|Any CPU = Release|Any CPU
	EndGlobalSection
	GlobalSection(ProjectConfigurationPlatforms) = postSolution
		{3140D2AE-FCCB-49CC-B285-B1D734160B59}.Debug|Any CPU.ActiveCfg = Debug|Any CPU
		{3140D2AE-FCCB-49CC-B285-B1D734160B59}.Debug|Any CPU.Build.0 = Debug|Any CPU
		{3140D2AE-FCCB-49CC-B285-B1D734160B59}.Release|Any CPU.ActiveCfg = Release|Any CPU
		{3140D2AE-FCCB-49CC-B285-B1D734160B59}.Release|Any CPU.Build.0 = Release|Any CPU
		{6934ECDD-E055-48FB-8967-BBE4C57F3E64}.Debug|Any CPU.ActiveCfg = Debug|Any CPU
		{6934ECDD-E055-48FB-8967-BBE4C57F3E64}.Debug|Any CPU.Build.0 = Debug|Any CPU
		{6934ECDD-E055-48FB-8967-BBE4C57F3E64}.Release|Any CPU.ActiveCfg = Release|Any CPU
		{6934ECDD-E055-48FB-8967-BBE4C57F3E64}.Release|Any CPU.Build.0 = Release|Any CPU
		{575AF35F-451F-44CB-8677-05C5D0C22073}.Debug|Any CPU.ActiveCfg = Debug|Any CPU
		{575AF35F-451F-44CB-8677-05C5D0C22073}.Debug|Any CPU.Build.0 = Debug|Any CPU
		{575AF35F-451F-44CB-8677-05C5D0C22073}.Release|Any CPU.ActiveCfg = Release|Any CPU
		{575AF35F-451F-44CB-8677-05C5D0C22073}.Release|Any CPU.Build.0 = Release|Any CPU
	EndGlobalSection
	GlobalSection(SolutionProperties) = preSolution
		HideSolutionNode = FALSE
	EndGlobalSection
	GlobalSection(ExtensibilityGlobals) = postSolution
		SolutionGuid = {01472B7A-8406-498D-AB66-0079391F3889}
	EndGlobalSection
EndGlobal
